
Microsoft Visual Studio Solution File, Format Version 12.00
# Visual Studio 15
VisualStudioVersion = 15.0.27703.2042
MinimumVisualStudioVersion = 10.0.40219.1
Project("{FAE04EC0-301F-11D3-BF4B-00C04F79EFBC}") = "blob_image_uploader", "blob_image_uploader\blob_image_uploader.csproj", "{3B8F4A9D-C263-43A2-8DE4-5C17647E6EB6}"
EndProject
Global
	GlobalSection(SolutionConfigurationPlatforms) = preSolution
		Debug|Any CPU = Debug|Any CPU
		Release|Any CPU = Release|Any CPU
	EndGlobalSection
	GlobalSection(ProjectConfigurationPlatforms) = postSolution
		{3B8F4A9D-C263-43A2-8DE4-5C17647E6EB6}.Debug|Any CPU.ActiveCfg = Debug|Any CPU
		{3B8F4A9D-C263-43A2-8DE4-5C17647E6EB6}.Debug|Any CPU.Build.0 = Debug|Any CPU
		{3B8F4A9D-C263-43A2-8DE4-5C17647E6EB6}.Release|Any CPU.ActiveCfg = Release|Any CPU
		{3B8F4A9D-C263-43A2-8DE4-5C17647E6EB6}.Release|Any CPU.Build.0 = Release|Any CPU
	EndGlobalSection
	GlobalSection(SolutionProperties) = preSolution
		HideSolutionNode = FALSE
	EndGlobalSection
	GlobalSection(ExtensibilityGlobals) = postSolution
		SolutionGuid = {78DD8717-63DF-4048-887E-F0318B6703B0}
	EndGlobalSection
EndGlobal
